
Microsoft Visual Studio Solution File, Format Version 12.00
# Visual Studio Version 16
VisualStudioVersion = 16.0.30621.155
MinimumVisualStudioVersion = 10.0.40219.1
Project("{FAE04EC0-301F-11D3-BF4B-00C04F79EFBC}") = "LabWeek11App", "LabWeek11App\LabWeek11App.csproj", "{291868E6-143D-451D-B617-F951F51FB9E7}"
EndProject
Global
	GlobalSection(SolutionConfigurationPlatforms) = preSolution
		Debug|Any CPU = Debug|Any CPU
		Release|Any CPU = Release|Any CPU
	EndGlobalSection
	GlobalSection(ProjectConfigurationPlatforms) = postSolution
		{291868E6-143D-451D-B617-F951F51FB9E7}.Debug|Any CPU.ActiveCfg = Debug|Any CPU
		{291868E6-143D-451D-B617-F951F51FB9E7}.Debug|Any CPU.Build.0 = Debug|Any CPU
		{291868E6-143D-451D-B617-F951F51FB9E7}.Release|Any CPU.ActiveCfg = Release|Any CPU
		{291868E6-143D-451D-B617-F951F51FB9E7}.Release|Any CPU.Build.0 = Release|Any CPU
	EndGlobalSection
	GlobalSection(SolutionProperties) = preSolution
		HideSolutionNode = FALSE
	EndGlobalSection
	GlobalSection(ExtensibilityGlobals) = postSolution
		SolutionGuid = {702523C4-5A16-4F34-862E-165B24AAF372}
	EndGlobalSection
EndGlobal
